// !$*UTF8*$!
{
	archiveVersion = 1;
	classes = {
	};
	objectVersion = 50;
	objects = {

/* Begin PBXBuildFile section */
		D8F67A9326D60DB8001D6AAF /* AppDelegate.m in Sources */ = {isa = PBXBuildFile; fileRef = D8F67A9226D60DB8001D6AAF /* AppDelegate.m */; };
		D8F67A9626D60DB8001D6AAF /* SceneDelegate.m in Sources */ = {isa = PBXBuildFile; fileRef = D8F67A9526D60DB8001D6AAF /* SceneDelegate.m */; };
		D8F67A9926D60DB8001D6AAF /* ViewController.m in Sources */ = {isa = PBXBuildFile; fileRef = D8F67A9826D60DB8001D6AAF /* ViewController.m */; };
		D8F67A9C26D60DB8001D6AAF /* Main.storyboard in Resources */ = {isa = PBXBuildFile; fileRef = D8F67A9A26D60DB8001D6AAF /* Main.storyboard */; };
		D8F67A9E26D60DB9001D6AAF /* Assets.xcassets in Resources */ = {isa = PBXBuildFile; fileRef = D8F67A9D26D60DB9001D6AAF /* Assets.xcassets */; };
		D8F67AA126D60DB9001D6AAF /* LaunchScreen.storyboard in Resources */ = {isa = PBXBuildFile; fileRef = D8F67A9F26D60DB9001D6AAF /* LaunchScreen.storyboard */; };
		D8F67AA426D60DB9001D6AAF /* main.m in Sources */ = {isa = PBXBuildFile; fileRef = D8F67AA326D60DB9001D6AAF /* main.m */; };
		D8F67AAC26D61346001D6AAF /* AKNewObject.m in Sources */ = {isa = PBXBuildFile; fileRef = D8F67AAB26D61346001D6AAF /* AKNewObject.m */; };
/* End PBXBuildFile section */

/* Begin PBXFileReference section */
		D8F67A8E26D60DB8001D6AAF /* Lesson_11.Selectors.app */ = {isa = PBXFileReference; explicitFileType = wrapper.application; includeInIndex = 0; path = Lesson_11.Selectors.app; sourceTree = BUILT_PRODUCTS_DIR; };
		D8F67A9126D60DB8001D6AAF /* AppDelegate.h */ = {isa = PBXFileReference; lastKnownFileType = sourcecode.c.h; path = AppDelegate.h; sourceTree = "<group>"; };
		D8F67A9226D60DB8001D6AAF /* AppDelegate.m */ = {isa = PBXFileReference; lastKnownFileType = sourcecode.c.objc; path = AppDelegate.m; sourceTree = "<group>"; };
		D8F67A9426D60DB8001D6AAF /* SceneDelegate.h */ = {isa = PBXFileReference; lastKnownFileType = sourcecode.c.h; path = SceneDelegate.h; sourceTree = "<group>"; };
		D8F67A9526D60DB8001D6AAF /* SceneDelegate.m */ = {isa = PBXFileReference; lastKnownFileType = sourcecode.c.objc; path = SceneDelegate.m; sourceTree = "<group>"; };
		D8F67A9726D60DB8001D6AAF /* ViewController.h */ = {isa = PBXFileReference; lastKnownFileType = sourcecode.c.h; path = ViewController.h; sourceTree = "<group>"; };
		D8F67A9826D60DB8001D6AAF /* ViewController.m */ = {isa = PBXFileReference; lastKnownFileType = sourcecode.c.objc; path = ViewController.m; sourceTree = "<group>"; };
		D8F67A9B26D60DB8001D6AAF /* Base */ = {isa = PBXFileReference; lastKnownFileType = file.storyboard; name = Base; path = Base.lproj/Main.storyboard; sourceTree = "<group>"; };
		D8F67A9D26D60DB9001D6AAF /* Assets.xcassets */ = {isa = PBXFileReference; lastKnownFileType = folder.assetcatalog; path = Assets.xcassets; sourceTree = "<group>"; };
		D8F67AA026D60DB9001D6AAF /* Base */ = {isa = PBXFileReference; lastKnownFileType = file.storyboard; name = Base; path = Base.lproj/LaunchScreen.storyboard; sourceTree = "<group>"; };
		D8F67AA226D60DB9001D6AAF /* Info.plist */ = {isa = PBXFileReference; lastKnownFileType = text.plist.xml; path = Info.plist; sourceTree = "<group>"; };
		D8F67AA326D60DB9001D6AAF /* main.m */ = {isa = PBXFileReference; lastKnownFileType = sourcecode.c.objc; path = main.m; sourceTree = "<group>"; };
		D8F67AAA26D61346001D6AAF /* AKNewObject.h */ = {isa = PBXFileReference; lastKnownFileType = sourcecode.c.h; path = AKNewObject.h; sourceTree = "<group>"; };
		D8F67AAB26D61346001D6AAF /* AKNewObject.m */ = {isa = PBXFileReference; lastKnownFileType = sourcecode.c.objc; path = AKNewObject.m; sourceTree = "<group>"; };
/* End PBXFileReference section */

/* Begin PBXFrameworksBuildPhase section */
		D8F67A8B26D60DB8001D6AAF /* Frameworks */ = {
			isa = PBXFrameworksBuildPhase;
			buildActionMask = 2147483647;
			files = (
			);
			runOnlyForDeploymentPostprocessing = 0;
		};
/* End PBXFrameworksBuildPhase section */

/* Begin PBXGroup section */
		D8F67A8526D60DB8001D6AAF = {
			isa = PBXGroup;
			children = (
				D8F67A9026D60DB8001D6AAF /* Lesson_11.Selectors */,
				D8F67A8F26D60DB8001D6AAF /* Products */,
			);
			sourceTree = "<group>";
		};
		D8F67A8F26D60DB8001D6AAF /* Products */ = {
			isa = PBXGroup;
			children = (
				D8F67A8E26D60DB8001D6AAF /* Lesson_11.Selectors.app */,
			);
			name = Products;
			sourceTree = "<group>";
		};
		D8F67A9026D60DB8001D6AAF /* Lesson_11.Selectors */ = {
			isa = PBXGroup;
			children = (
				D8F67AAA26D61346001D6AAF /* AKNewObject.h */,
				D8F67AAB26D61346001D6AAF /* AKNewObject.m */,
				D8F67A9126D60DB8001D6AAF /* AppDelegate.h */,
				D8F67A9226D60DB8001D6AAF /* AppDelegate.m */,
				D8F67A9426D60DB8001D6AAF /* SceneDelegate.h */,
				D8F67A9526D60DB8001D6AAF /* SceneDelegate.m */,
				D8F67A9726D60DB8001D6AAF /* ViewController.h */,
				D8F67A9826D60DB8001D6AAF /* ViewController.m */,
				D8F67A9A26D60DB8001D6AAF /* Main.storyboard */,
				D8F67A9D26D60DB9001D6AAF /* Assets.xcassets */,
				D8F67A9F26D60DB9001D6AAF /* LaunchScreen.storyboard */,
				D8F67AA226D60DB9001D6AAF /* Info.plist */,
				D8F67AA326D60DB9001D6AAF /* main.m */,
			);
			path = Lesson_11.Selectors;
			sourceTree = "<group>";
		};
/* End PBXGroup section */

/* Begin PBXNativeTarget section */
		D8F67A8D26D60DB8001D6AAF /* Lesson_11.Selectors */ = {
			isa = PBXNativeTarget;
			buildConfigurationList = D8F67AA726D60DB9001D6AAF /* Build configuration list for PBXNativeTarget "Lesson_11.Selectors" */;
			buildPhases = (
				D8F67A8A26D60DB8001D6AAF /* Sources */,
				D8F67A8B26D60DB8001D6AAF /* Frameworks */,
				D8F67A8C26D60DB8001D6AAF /* Resources */,
			);
			buildRules = (
			);
			dependencies = (
			);
			name = Lesson_11.Selectors;
			productName = Lesson_11.Selectors;
			productReference = D8F67A8E26D60DB8001D6AAF /* Lesson_11.Selectors.app */;
			productType = "com.apple.product-type.application";
		};
/* End PBXNativeTarget section */

/* Begin PBXProject section */
		D8F67A8626D60DB8001D6AAF /* Project object */ = {
			isa = PBXProject;
			attributes = {
				CLASSPREFIX = AK;
				LastUpgradeCheck = 1250;
				TargetAttributes = {
					D8F67A8D26D60DB8001D6AAF = {
						CreatedOnToolsVersion = 12.5.1;
					};
				};
			};
			buildConfigurationList = D8F67A8926D60DB8001D6AAF /* Build configuration list for PBXProject "Lesson_11.Selectors" */;
			compatibilityVersion = "Xcode 9.3";
			developmentRegion = en;
			hasScannedForEncodings = 0;
			knownRegions = (
				en,
				Base,
			);
			mainGroup = D8F67A8526D60DB8001D6AAF;
			productRefGroup = D8F67A8F26D60DB8001D6AAF /* Products */;
			projectDirPath = "";
			projectRoot = "";
			targets = (
				D8F67A8D26D60DB8001D6AAF /* Lesson_11.Selectors */,
			);
		};
/* End PBXProject section */

/* Begin PBXResourcesBuildPhase section */
		D8F67A8C26D60DB8001D6AAF /* Resources */ = {
			isa = PBXResourcesBuildPhase;
			buildActionMask = 2147483647;
			files = (
				D8F67AA126D60DB9001D6AAF /* LaunchScreen.storyboard in Resources */,
				D8F67A9E26D60DB9001D6AAF /* Assets.xcassets in Resources */,
				D8F67A9C26D60DB8001D6AAF /* Main.storyboard in Resources */,
			);
			runOnlyForDeploymentPostprocessing = 0;
		};
/* End PBXResourcesBuildPhase section */

/* Begin PBXSourcesBuildPhase section */
		D8F67A8A26D60DB8001D6AAF /* Sources */ = {
			isa = PBXSourcesBuildPhase;
			buildActionMask = 2147483647;
			files = (
				D8F67A9926D60DB8001D6AAF /* ViewController.m in Sources */,
				D8F67A9326D60DB8001D6AAF /* AppDelegate.m in Sources */,
				D8F67AAC26D61346001D6AAF /* AKNewObject.m in Sources */,
				D8F67AA426D60DB9001D6AAF /* main.m in Sources */,
				D8F67A9626D60DB8001D6AAF /* SceneDelegate.m in Sources */,
			);
			runOnlyForDeploymentPostprocessing = 0;
		};
/* End PBXSourcesBuildPhase section */

/* Begin PBXVariantGroup section */
		D8F67A9A26D60DB8001D6AAF /* Main.storyboard */ = {
			isa = PBXVariantGroup;
			children = (
				D8F67A9B26D60DB8001D6AAF /* Base */,
			);
			name = Main.storyboard;
			sourceTree = "<group>";
		};
		D8F67A9F26D60DB9001D6AAF /* LaunchScreen.storyboard */ = {
			isa = PBXVariantGroup;
			children = (
				D8F67AA026D60DB9001D6AAF /* Base */,
			);
			name = LaunchScreen.storyboard;
			sourceTree = "<group>";
		};
/* End PBXVariantGroup section */

/* Begin XCBuildConfiguration section */
		D8F67AA526D60DB9001D6AAF /* Debug */ = {
			isa = XCBuildConfiguration;
			buildSettings = {
				ALWAYS_SEARCH_USER_PATHS = NO;
				CLANG_ANALYZER_NONNULL = YES;
				CLANG_ANALYZER_NUMBER_OBJECT_CONVERSION = YES_AGGRESSIVE;
				CLANG_CXX_LANGUAGE_STANDARD = "gnu++14";
				CLANG_CXX_LIBRARY = "libc++";
				CLANG_ENABLE_MODULES = YES;
				CLANG_ENABLE_OBJC_ARC = YES;
				CLANG_ENABLE_OBJC_WEAK = YES;
				CLANG_WARN_BLOCK_CAPTURE_AUTORELEASING = YES;
				CLANG_WARN_BOOL_CONVERSION = YES;
				CLANG_WARN_COMMA = YES;
				CLANG_WARN_CONSTANT_CONVERSION = YES;
				CLANG_WARN_DEPRECATED_OBJC_IMPLEMENTATIONS = YES;
				CLANG_WARN_DIRECT_OBJC_ISA_USAGE = YES_ERROR;
				CLANG_WARN_DOCUMENTATION_COMMENTS = YES;
				CLANG_WARN_EMPTY_BODY = YES;
				CLANG_WARN_ENUM_CONVERSION = YES;
				CLANG_WARN_INFINITE_RECURSION = YES;
				CLANG_WARN_INT_CONVERSION = YES;
				CLANG_WARN_NON_LITERAL_NULL_CONVERSION = YES;
				CLANG_WARN_OBJC_IMPLICIT_RETAIN_SELF = YES;
				CLANG_WARN_OBJC_LITERAL_CONVERSION = YES;
				CLANG_WARN_OBJC_ROOT_CLASS = YES_ERROR;
				CLANG_WARN_QUOTED_INCLUDE_IN_FRAMEWORK_HEADER = YES;
				CLANG_WARN_RANGE_LOOP_ANALYSIS = YES;
				CLANG_WARN_STRICT_PROTOTYPES = YES;
				CLANG_WARN_SUSPICIOUS_MOVE = YES;
				CLANG_WARN_UNGUARDED_AVAILABILITY = YES_AGGRESSIVE;
				CLANG_WARN_UNREACHABLE_CODE = YES;
				CLANG_WARN__DUPLICATE_METHOD_MATCH = YES;
				COPY_PHASE_STRIP = NO;
				DEBUG_INFORMATION_FORMAT = dwarf;
				ENABLE_STRICT_OBJC_MSGSEND = YES;
				ENABLE_TESTABILITY = YES;
				GCC_C_LANGUAGE_STANDARD = gnu11;
				GCC_DYNAMIC_NO_PIC = NO;
				GCC_NO_COMMON_BLOCKS = YES;
				GCC_OPTIMIZATION_LEVEL = 0;
				GCC_PREPROCESSOR_DEFINITIONS = (
					"DEBUG=1",
					"$(inherited)",
				);
				GCC_WARN_64_TO_32_BIT_CONVERSION = YES;
				GCC_WARN_ABOUT_RETURN_TYPE = YES_ERROR;
				GCC_WARN_UNDECLARED_SELECTOR = YES;
				GCC_WARN_UNINITIALIZED_AUTOS = YES_AGGRESSIVE;
				GCC_WARN_UNUSED_FUNCTION = YES;
				GCC_WARN_UNUSED_VARIABLE = YES;
				IPHONEOS_DEPLOYMENT_TARGET = 14.5;
				MTL_ENABLE_DEBUG_INFO = INCLUDE_SOURCE;
				MTL_FAST_MATH = YES;
				ONLY_ACTIVE_ARCH = YES;
				SDKROOT = iphoneos;
			};
			name = Debug;
		};
		D8F67AA626D60DB9001D6AAF /* Release */ = {
			isa = XCBuildConfiguration;
			buildSettings = {
				ALWAYS_SEARCH_USER_PATHS = NO;
				CLANG_ANALYZER_NONNULL = YES;
				CLANG_ANALYZER_NUMBER_OBJECT_CONVERSION = YES_AGGRESSIVE;
				CLANG_CXX_LANGUAGE_STANDARD = "gnu++14";
				CLANG_CXX_LIBRARY = "libc++";
				CLANG_ENABLE_MODULES = YES;
				CLANG_ENABLE_OBJC_ARC = YES;
				CLANG_ENABLE_OBJC_WEAK = YES;
				CLANG_WARN_BLOCK_CAPTURE_AUTORELEASING = YES;
				CLANG_WARN_BOOL_CONVERSION = YES;
				CLANG_WARN_COMMA = YES;
				CLANG_WARN_CONSTANT_CONVERSION = YES;
				CLANG_WARN_DEPRECATED_OBJC_IMPLEMENTATIONS = YES;
				CLANG_WARN_DIRECT_OBJC_ISA_USAGE = YES_ERROR;
				CLANG_WARN_DOCUMENTATION_COMMENTS = YES;
				CLANG_WARN_EMPTY_BODY = YES;
				CLANG_WARN_ENUM_CONVERSION = YES;
				CLANG_WARN_INFINITE_RECURSION = YES;
				CLANG_WARN_INT_CONVERSION = YES;
				CLANG_WARN_NON_LITERAL_NULL_CONVERSION = YES;
				CLANG_WARN_OBJC_IMPLICIT_RETAIN_SELF = YES;
				CLANG_WARN_OBJC_LITERAL_CONVERSION = YES;
				CLANG_WARN_OBJC_ROOT_CLASS = YES_ERROR;
				CLANG_WARN_QUOTED_INCLUDE_IN_FRAMEWORK_HEADER = YES;
				CLANG_WARN_RANGE_LOOP_ANALYSIS = YES;
				CLANG_WARN_STRICT_PROTOTYPES = YES;
				CLANG_WARN_SUSPICIOUS_MOVE = YES;
				CLANG_WARN_UNGUARDED_AVAILABILITY = YES_AGGRESSIVE;
				CLANG_WARN_UNREACHABLE_CODE = YES;
				CLANG_WARN__DUPLICATE_METHOD_MATCH = YES;
				COPY_PHASE_STRIP = NO;
				DEBUG_INFORMATION_FORMAT = "dwarf-with-dsym";
				ENABLE_NS_ASSERTIONS = NO;
				ENABLE_STRICT_OBJC_MSGSEND = YES;
				GCC_C_LANGUAGE_STANDARD = gnu11;
				GCC_NO_COMMON_BLOCKS = YES;
				GCC_WARN_64_TO_32_BIT_CONVERSION = YES;
				GCC_WARN_ABOUT_RETURN_TYPE = YES_ERROR;
				GCC_WARN_UNDECLARED_SELECTOR = YES;
				GCC_WARN_UNINITIALIZED_AUTOS = YES_AGGRESSIVE;
				GCC_WARN_UNUSED_FUNCTION = YES;
				GCC_WARN_UNUSED_VARIABLE = YES;
				IPHONEOS_DEPLOYMENT_TARGET = 14.5;
				MTL_ENABLE_DEBUG_INFO = NO;
				MTL_FAST_MATH = YES;
				SDKROOT = iphoneos;
				VALIDATE_PRODUCT = YES;
			};
			name = Release;
		};
		D8F67AA826D60DB9001D6AAF /* Debug */ = {
			isa = XCBuildConfiguration;
			buildSettings = {
				ASSETCATALOG_COMPILER_APPICON_NAME = AppIcon;
				ASSETCATALOG_COMPILER_GLOBAL_ACCENT_COLOR_NAME = AccentColor;
				CODE_SIGN_STYLE = Automatic;
				INFOPLIST_FILE = Lesson_11.Selectors/Info.plist;
				LD_RUNPATH_SEARCH_PATHS = (
					"$(inherited)",
					"@executable_path/Frameworks",
				);
				PRODUCT_BUNDLE_IDENTIFIER = "AlxKan.Lesson-11-Selectors";
				PRODUCT_NAME = "$(TARGET_NAME)";
				TARGETED_DEVICE_FAMILY = "1,2";
			};
			name = Debug;
		};
		D8F67AA926D60DB9001D6AAF /* Release */ = {
			isa = XCBuildConfiguration;
			buildSettings = {
				ASSETCATALOG_COMPILER_APPICON_NAME = AppIcon;
				ASSETCATALOG_COMPILER_GLOBAL_ACCENT_COLOR_NAME = AccentColor;
				CODE_SIGN_STYLE = Automatic;
				INFOPLIST_FILE = Lesson_11.Selectors/Info.plist;
				LD_RUNPATH_SEARCH_PATHS = (
					"$(inherited)",
					"@executable_path/Frameworks",
				);
				PRODUCT_BUNDLE_IDENTIFIER = "AlxKan.Lesson-11-Selectors";
				PRODUCT_NAME = "$(TARGET_NAME)";
				TARGETED_DEVICE_FAMILY = "1,2";
			};
			name = Release;
		};
/* End XCBuildConfiguration section */

/* Begin XCConfigurationList section */
		D8F67A8926D60DB8001D6AAF /* Build configuration list for PBXProject "Lesson_11.Selectors" */ = {
			isa = XCConfigurationList;
			buildConfigurations = (
				D8F67AA526D60DB9001D6AAF /* Debug */,
				D8F67AA626D60DB9001D6AAF /* Release */,
			);
			defaultConfigurationIsVisible = 0;
			defaultConfigurationName = Release;
		};
		D8F67AA726D60DB9001D6AAF /* Build configuration list for PBXNativeTarget "Lesson_11.Selectors" */ = {
			isa = XCConfigurationList;
			buildConfigurations = (
				D8F67AA826D60DB9001D6AAF /* Debug */,
				D8F67AA926D60DB9001D6AAF /* Release */,
			);
			defaultConfigurationIsVisible = 0;
			defaultConfigurationName = Release;
		};
/* End XCConfigurationList section */
	};
	rootObject = D8F67A8626D60DB8001D6AAF /* Project object */;
}
