// !$*UTF8*$!
{
	archiveVersion = 1;
	classes = {
	};
	objectVersion = 50;
	objects = {

/* Begin PBXBuildFile section */
		D855FE8A26F0936D006FD16B /* AppDelegate.m in Sources */ = {isa = PBXBuildFile; fileRef = D855FE8926F0936D006FD16B /* AppDelegate.m */; };
		D855FE8D26F0936D006FD16B /* SceneDelegate.m in Sources */ = {isa = PBXBuildFile; fileRef = D855FE8C26F0936D006FD16B /* SceneDelegate.m */; };
		D855FE9026F0936D006FD16B /* ViewController.m in Sources */ = {isa = PBXBuildFile; fileRef = D855FE8F26F0936D006FD16B /* ViewController.m */; };
		D855FE9326F0936D006FD16B /* Main.storyboard in Resources */ = {isa = PBXBuildFile; fileRef = D855FE9126F0936D006FD16B /* Main.storyboard */; };
		D855FE9526F0936D006FD16B /* Assets.xcassets in Resources */ = {isa = PBXBuildFile; fileRef = D855FE9426F0936D006FD16B /* Assets.xcassets */; };
		D855FE9826F0936D006FD16B /* LaunchScreen.storyboard in Resources */ = {isa = PBXBuildFile; fileRef = D855FE9626F0936D006FD16B /* LaunchScreen.storyboard */; };
		D855FE9B26F0936D006FD16B /* main.m in Sources */ = {isa = PBXBuildFile; fileRef = D855FE9A26F0936D006FD16B /* main.m */; };
/* End PBXBuildFile section */

/* Begin PBXFileReference section */
		D855FE8526F0936D006FD16B /* Homework_14.String's.app */ = {isa = PBXFileReference; explicitFileType = wrapper.application; includeInIndex = 0; path = "Homework_14.String's.app"; sourceTree = BUILT_PRODUCTS_DIR; };
		D855FE8826F0936D006FD16B /* AppDelegate.h */ = {isa = PBXFileReference; lastKnownFileType = sourcecode.c.h; path = AppDelegate.h; sourceTree = "<group>"; };
		D855FE8926F0936D006FD16B /* AppDelegate.m */ = {isa = PBXFileReference; lastKnownFileType = sourcecode.c.objc; path = AppDelegate.m; sourceTree = "<group>"; };
		D855FE8B26F0936D006FD16B /* SceneDelegate.h */ = {isa = PBXFileReference; lastKnownFileType = sourcecode.c.h; path = SceneDelegate.h; sourceTree = "<group>"; };
		D855FE8C26F0936D006FD16B /* SceneDelegate.m */ = {isa = PBXFileReference; lastKnownFileType = sourcecode.c.objc; path = SceneDelegate.m; sourceTree = "<group>"; };
		D855FE8E26F0936D006FD16B /* ViewController.h */ = {isa = PBXFileReference; lastKnownFileType = sourcecode.c.h; path = ViewController.h; sourceTree = "<group>"; };
		D855FE8F26F0936D006FD16B /* ViewController.m */ = {isa = PBXFileReference; lastKnownFileType = sourcecode.c.objc; path = ViewController.m; sourceTree = "<group>"; };
		D855FE9226F0936D006FD16B /* Base */ = {isa = PBXFileReference; lastKnownFileType = file.storyboard; name = Base; path = Base.lproj/Main.storyboard; sourceTree = "<group>"; };
		D855FE9426F0936D006FD16B /* Assets.xcassets */ = {isa = PBXFileReference; lastKnownFileType = folder.assetcatalog; path = Assets.xcassets; sourceTree = "<group>"; };
		D855FE9726F0936D006FD16B /* Base */ = {isa = PBXFileReference; lastKnownFileType = file.storyboard; name = Base; path = Base.lproj/LaunchScreen.storyboard; sourceTree = "<group>"; };
		D855FE9926F0936D006FD16B /* Info.plist */ = {isa = PBXFileReference; lastKnownFileType = text.plist.xml; path = Info.plist; sourceTree = "<group>"; };
		D855FE9A26F0936D006FD16B /* main.m */ = {isa = PBXFileReference; lastKnownFileType = sourcecode.c.objc; path = main.m; sourceTree = "<group>"; };
/* End PBXFileReference section */

/* Begin PBXFrameworksBuildPhase section */
		D855FE8226F0936D006FD16B /* Frameworks */ = {
			isa = PBXFrameworksBuildPhase;
			buildActionMask = 2147483647;
			files = (
			);
			runOnlyForDeploymentPostprocessing = 0;
		};
/* End PBXFrameworksBuildPhase section */

/* Begin PBXGroup section */
		D855FE7C26F0936D006FD16B = {
			isa = PBXGroup;
			children = (
				D855FE8726F0936D006FD16B /* Homework_14.String's */,
				D855FE8626F0936D006FD16B /* Products */,
			);
			sourceTree = "<group>";
		};
		D855FE8626F0936D006FD16B /* Products */ = {
			isa = PBXGroup;
			children = (
				D855FE8526F0936D006FD16B /* Homework_14.String's.app */,
			);
			name = Products;
			sourceTree = "<group>";
		};
		D855FE8726F0936D006FD16B /* Homework_14.String's */ = {
			isa = PBXGroup;
			children = (
				D855FE8826F0936D006FD16B /* AppDelegate.h */,
				D855FE8926F0936D006FD16B /* AppDelegate.m */,
				D855FE8B26F0936D006FD16B /* SceneDelegate.h */,
				D855FE8C26F0936D006FD16B /* SceneDelegate.m */,
				D855FE8E26F0936D006FD16B /* ViewController.h */,
				D855FE8F26F0936D006FD16B /* ViewController.m */,
				D855FE9126F0936D006FD16B /* Main.storyboard */,
				D855FE9426F0936D006FD16B /* Assets.xcassets */,
				D855FE9626F0936D006FD16B /* LaunchScreen.storyboard */,
				D855FE9926F0936D006FD16B /* Info.plist */,
				D855FE9A26F0936D006FD16B /* main.m */,
			);
			path = "Homework_14.String's";
			sourceTree = "<group>";
		};
/* End PBXGroup section */

/* Begin PBXNativeTarget section */
		D855FE8426F0936D006FD16B /* Homework_14.String's */ = {
			isa = PBXNativeTarget;
			buildConfigurationList = D855FE9E26F0936D006FD16B /* Build configuration list for PBXNativeTarget "Homework_14.String's" */;
			buildPhases = (
				D855FE8126F0936D006FD16B /* Sources */,
				D855FE8226F0936D006FD16B /* Frameworks */,
				D855FE8326F0936D006FD16B /* Resources */,
			);
			buildRules = (
			);
			dependencies = (
			);
			name = "Homework_14.String's";
			productName = "Homework_14.String's";
			productReference = D855FE8526F0936D006FD16B /* Homework_14.String's.app */;
			productType = "com.apple.product-type.application";
		};
/* End PBXNativeTarget section */

/* Begin PBXProject section */
		D855FE7D26F0936D006FD16B /* Project object */ = {
			isa = PBXProject;
			attributes = {
				CLASSPREFIX = AK;
				LastUpgradeCheck = 1250;
				TargetAttributes = {
					D855FE8426F0936D006FD16B = {
						CreatedOnToolsVersion = 12.5.1;
					};
				};
			};
			buildConfigurationList = D855FE8026F0936D006FD16B /* Build configuration list for PBXProject "Homework_14.String's" */;
			compatibilityVersion = "Xcode 9.3";
			developmentRegion = en;
			hasScannedForEncodings = 0;
			knownRegions = (
				en,
				Base,
			);
			mainGroup = D855FE7C26F0936D006FD16B;
			productRefGroup = D855FE8626F0936D006FD16B /* Products */;
			projectDirPath = "";
			projectRoot = "";
			targets = (
				D855FE8426F0936D006FD16B /* Homework_14.String's */,
			);
		};
/* End PBXProject section */

/* Begin PBXResourcesBuildPhase section */
		D855FE8326F0936D006FD16B /* Resources */ = {
			isa = PBXResourcesBuildPhase;
			buildActionMask = 2147483647;
			files = (
				D855FE9826F0936D006FD16B /* LaunchScreen.storyboard in Resources */,
				D855FE9526F0936D006FD16B /* Assets.xcassets in Resources */,
				D855FE9326F0936D006FD16B /* Main.storyboard in Resources */,
			);
			runOnlyForDeploymentPostprocessing = 0;
		};
/* End PBXResourcesBuildPhase section */

/* Begin PBXSourcesBuildPhase section */
		D855FE8126F0936D006FD16B /* Sources */ = {
			isa = PBXSourcesBuildPhase;
			buildActionMask = 2147483647;
			files = (
				D855FE9026F0936D006FD16B /* ViewController.m in Sources */,
				D855FE8A26F0936D006FD16B /* AppDelegate.m in Sources */,
				D855FE9B26F0936D006FD16B /* main.m in Sources */,
				D855FE8D26F0936D006FD16B /* SceneDelegate.m in Sources */,
			);
			runOnlyForDeploymentPostprocessing = 0;
		};
/* End PBXSourcesBuildPhase section */

/* Begin PBXVariantGroup section */
		D855FE9126F0936D006FD16B /* Main.storyboard */ = {
			isa = PBXVariantGroup;
			children = (
				D855FE9226F0936D006FD16B /* Base */,
			);
			name = Main.storyboard;
			sourceTree = "<group>";
		};
		D855FE9626F0936D006FD16B /* LaunchScreen.storyboard */ = {
			isa = PBXVariantGroup;
			children = (
				D855FE9726F0936D006FD16B /* Base */,
			);
			name = LaunchScreen.storyboard;
			sourceTree = "<group>";
		};
/* End PBXVariantGroup section */

/* Begin XCBuildConfiguration section */
		D855FE9C26F0936D006FD16B /* Debug */ = {
			isa = XCBuildConfiguration;
			buildSettings = {
				ALWAYS_SEARCH_USER_PATHS = NO;
				CLANG_ANALYZER_NONNULL = YES;
				CLANG_ANALYZER_NUMBER_OBJECT_CONVERSION = YES_AGGRESSIVE;
				CLANG_CXX_LANGUAGE_STANDARD = "gnu++14";
				CLANG_CXX_LIBRARY = "libc++";
				CLANG_ENABLE_MODULES = YES;
				CLANG_ENABLE_OBJC_ARC = YES;
				CLANG_ENABLE_OBJC_WEAK = YES;
				CLANG_WARN_BLOCK_CAPTURE_AUTORELEASING = YES;
				CLANG_WARN_BOOL_CONVERSION = YES;
				CLANG_WARN_COMMA = YES;
				CLANG_WARN_CONSTANT_CONVERSION = YES;
				CLANG_WARN_DEPRECATED_OBJC_IMPLEMENTATIONS = YES;
				CLANG_WARN_DIRECT_OBJC_ISA_USAGE = YES_ERROR;
				CLANG_WARN_DOCUMENTATION_COMMENTS = YES;
				CLANG_WARN_EMPTY_BODY = YES;
				CLANG_WARN_ENUM_CONVERSION = YES;
				CLANG_WARN_INFINITE_RECURSION = YES;
				CLANG_WARN_INT_CONVERSION = YES;
				CLANG_WARN_NON_LITERAL_NULL_CONVERSION = YES;
				CLANG_WARN_OBJC_IMPLICIT_RETAIN_SELF = YES;
				CLANG_WARN_OBJC_LITERAL_CONVERSION = YES;
				CLANG_WARN_OBJC_ROOT_CLASS = YES_ERROR;
				CLANG_WARN_QUOTED_INCLUDE_IN_FRAMEWORK_HEADER = YES;
				CLANG_WARN_RANGE_LOOP_ANALYSIS = YES;
				CLANG_WARN_STRICT_PROTOTYPES = YES;
				CLANG_WARN_SUSPICIOUS_MOVE = YES;
				CLANG_WARN_UNGUARDED_AVAILABILITY = YES_AGGRESSIVE;
				CLANG_WARN_UNREACHABLE_CODE = YES;
				CLANG_WARN__DUPLICATE_METHOD_MATCH = YES;
				COPY_PHASE_STRIP = NO;
				DEBUG_INFORMATION_FORMAT = dwarf;
				ENABLE_STRICT_OBJC_MSGSEND = YES;
				ENABLE_TESTABILITY = YES;
				GCC_C_LANGUAGE_STANDARD = gnu11;
				GCC_DYNAMIC_NO_PIC = NO;
				GCC_NO_COMMON_BLOCKS = YES;
				GCC_OPTIMIZATION_LEVEL = 0;
				GCC_PREPROCESSOR_DEFINITIONS = (
					"DEBUG=1",
					"$(inherited)",
				);
				GCC_WARN_64_TO_32_BIT_CONVERSION = YES;
				GCC_WARN_ABOUT_RETURN_TYPE = YES_ERROR;
				GCC_WARN_UNDECLARED_SELECTOR = YES;
				GCC_WARN_UNINITIALIZED_AUTOS = YES_AGGRESSIVE;
				GCC_WARN_UNUSED_FUNCTION = YES;
				GCC_WARN_UNUSED_VARIABLE = YES;
				IPHONEOS_DEPLOYMENT_TARGET = 14.5;
				MTL_ENABLE_DEBUG_INFO = INCLUDE_SOURCE;
				MTL_FAST_MATH = YES;
				ONLY_ACTIVE_ARCH = YES;
				SDKROOT = iphoneos;
			};
			name = Debug;
		};
		D855FE9D26F0936D006FD16B /* Release */ = {
			isa = XCBuildConfiguration;
			buildSettings = {
				ALWAYS_SEARCH_USER_PATHS = NO;
				CLANG_ANALYZER_NONNULL = YES;
				CLANG_ANALYZER_NUMBER_OBJECT_CONVERSION = YES_AGGRESSIVE;
				CLANG_CXX_LANGUAGE_STANDARD = "gnu++14";
				CLANG_CXX_LIBRARY = "libc++";
				CLANG_ENABLE_MODULES = YES;
				CLANG_ENABLE_OBJC_ARC = YES;
				CLANG_ENABLE_OBJC_WEAK = YES;
				CLANG_WARN_BLOCK_CAPTURE_AUTORELEASING = YES;
				CLANG_WARN_BOOL_CONVERSION = YES;
				CLANG_WARN_COMMA = YES;
				CLANG_WARN_CONSTANT_CONVERSION = YES;
				CLANG_WARN_DEPRECATED_OBJC_IMPLEMENTATIONS = YES;
				CLANG_WARN_DIRECT_OBJC_ISA_USAGE = YES_ERROR;
				CLANG_WARN_DOCUMENTATION_COMMENTS = YES;
				CLANG_WARN_EMPTY_BODY = YES;
				CLANG_WARN_ENUM_CONVERSION = YES;
				CLANG_WARN_INFINITE_RECURSION = YES;
				CLANG_WARN_INT_CONVERSION = YES;
				CLANG_WARN_NON_LITERAL_NULL_CONVERSION = YES;
				CLANG_WARN_OBJC_IMPLICIT_RETAIN_SELF = YES;
				CLANG_WARN_OBJC_LITERAL_CONVERSION = YES;
				CLANG_WARN_OBJC_ROOT_CLASS = YES_ERROR;
				CLANG_WARN_QUOTED_INCLUDE_IN_FRAMEWORK_HEADER = YES;
				CLANG_WARN_RANGE_LOOP_ANALYSIS = YES;
				CLANG_WARN_STRICT_PROTOTYPES = YES;
				CLANG_WARN_SUSPICIOUS_MOVE = YES;
				CLANG_WARN_UNGUARDED_AVAILABILITY = YES_AGGRESSIVE;
				CLANG_WARN_UNREACHABLE_CODE = YES;
				CLANG_WARN__DUPLICATE_METHOD_MATCH = YES;
				COPY_PHASE_STRIP = NO;
				DEBUG_INFORMATION_FORMAT = "dwarf-with-dsym";
				ENABLE_NS_ASSERTIONS = NO;
				ENABLE_STRICT_OBJC_MSGSEND = YES;
				GCC_C_LANGUAGE_STANDARD = gnu11;
				GCC_NO_COMMON_BLOCKS = YES;
				GCC_WARN_64_TO_32_BIT_CONVERSION = YES;
				GCC_WARN_ABOUT_RETURN_TYPE = YES_ERROR;
				GCC_WARN_UNDECLARED_SELECTOR = YES;
				GCC_WARN_UNINITIALIZED_AUTOS = YES_AGGRESSIVE;
				GCC_WARN_UNUSED_FUNCTION = YES;
				GCC_WARN_UNUSED_VARIABLE = YES;
				IPHONEOS_DEPLOYMENT_TARGET = 14.5;
				MTL_ENABLE_DEBUG_INFO = NO;
				MTL_FAST_MATH = YES;
				SDKROOT = iphoneos;
				VALIDATE_PRODUCT = YES;
			};
			name = Release;
		};
		D855FE9F26F0936D006FD16B /* Debug */ = {
			isa = XCBuildConfiguration;
			buildSettings = {
				ASSETCATALOG_COMPILER_APPICON_NAME = AppIcon;
				ASSETCATALOG_COMPILER_GLOBAL_ACCENT_COLOR_NAME = AccentColor;
				CODE_SIGN_STYLE = Automatic;
				INFOPLIST_FILE = "Homework_14.String's/Info.plist";
				LD_RUNPATH_SEARCH_PATHS = (
					"$(inherited)",
					"@executable_path/Frameworks",
				);
				PRODUCT_BUNDLE_IDENTIFIER = "AlxKan.Homework-14-String-s";
				PRODUCT_NAME = "$(TARGET_NAME)";
				TARGETED_DEVICE_FAMILY = "1,2";
			};
			name = Debug;
		};
		D855FEA026F0936D006FD16B /* Release */ = {
			isa = XCBuildConfiguration;
			buildSettings = {
				ASSETCATALOG_COMPILER_APPICON_NAME = AppIcon;
				ASSETCATALOG_COMPILER_GLOBAL_ACCENT_COLOR_NAME = AccentColor;
				CODE_SIGN_STYLE = Automatic;
				INFOPLIST_FILE = "Homework_14.String's/Info.plist";
				LD_RUNPATH_SEARCH_PATHS = (
					"$(inherited)",
					"@executable_path/Frameworks",
				);
				PRODUCT_BUNDLE_IDENTIFIER = "AlxKan.Homework-14-String-s";
				PRODUCT_NAME = "$(TARGET_NAME)";
				TARGETED_DEVICE_FAMILY = "1,2";
			};
			name = Release;
		};
/* End XCBuildConfiguration section */

/* Begin XCConfigurationList section */
		D855FE8026F0936D006FD16B /* Build configuration list for PBXProject "Homework_14.String's" */ = {
			isa = XCConfigurationList;
			buildConfigurations = (
				D855FE9C26F0936D006FD16B /* Debug */,
				D855FE9D26F0936D006FD16B /* Release */,
			);
			defaultConfigurationIsVisible = 0;
			defaultConfigurationName = Release;
		};
		D855FE9E26F0936D006FD16B /* Build configuration list for PBXNativeTarget "Homework_14.String's" */ = {
			isa = XCConfigurationList;
			buildConfigurations = (
				D855FE9F26F0936D006FD16B /* Debug */,
				D855FEA026F0936D006FD16B /* Release */,
			);
			defaultConfigurationIsVisible = 0;
			defaultConfigurationName = Release;
		};
/* End XCConfigurationList section */
	};
	rootObject = D855FE7D26F0936D006FD16B /* Project object */;
}
